
Microsoft Visual Studio Solution File, Format Version 12.00
# Visual Studio Version 17
VisualStudioVersion = 17.5.33516.290
MinimumVisualStudioVersion = 10.0.40219.1
Project("{2150E333-8FDC-42A3-9474-1A3956D46DE8}") = "BankingAccount", "BankingAccount", "{2E8FA8E0-F299-4EEF-9259-055B277B4CEB}"
EndProject
Project("{2150E333-8FDC-42A3-9474-1A3956D46DE8}") = "Microservices", "Microservices", "{C172B6C1-E95E-46DF-A367-521B93CB3925}"
EndProject
Project("{2150E333-8FDC-42A3-9474-1A3956D46DE8}") = "CQRS", "CQRS", "{23933C51-4BAB-434A-AAA2-B24226886FE2}"
EndProject
Project("{2150E333-8FDC-42A3-9474-1A3956D46DE8}") = "Command", "Command", "{2950BC50-D9EB-4C6E-8770-9C1958DD11C4}"
EndProject
Project("{2150E333-8FDC-42A3-9474-1A3956D46DE8}") = "Query", "Query", "{731003F9-8A8F-4321-BC8A-BEEABBAACD54}"
EndProject
Project("{9A19103F-16F7-4668-BE54-9A1E7A4F7556}") = "Banking.Cqrs.Core", "Banking.Cqrs.Core\Banking.Cqrs.Core.csproj", "{33C1A29E-4928-4B7E-B9E1-BC512AF325DB}"
EndProject
Project("{2150E333-8FDC-42A3-9474-1A3956D46DE8}") = "Api", "Api", "{F6F42DCD-6EDE-49EC-AF97-B1BE50801A27}"
EndProject
Project("{2150E333-8FDC-42A3-9474-1A3956D46DE8}") = "Application", "Application", "{1D7C8831-7C3B-44FB-8AFB-C2EBEF35731F}"
EndProject
Project("{2150E333-8FDC-42A3-9474-1A3956D46DE8}") = "Domain", "Domain", "{287E4D77-512F-4E98-8921-07914965806F}"
EndProject
Project("{2150E333-8FDC-42A3-9474-1A3956D46DE8}") = "Infrastructure", "Infrastructure", "{DBC7E2E5-76ED-4886-AA3D-D9DBA0BF5A7A}"
EndProject
Project("{9A19103F-16F7-4668-BE54-9A1E7A4F7556}") = "Banking.Account.Command.Domain", "Banking.Account.Command.Domain\Banking.Account.Command.Domain.csproj", "{6E4AF3DE-0EF4-4440-9BC1-6E763183B0D8}"
EndProject
Project("{9A19103F-16F7-4668-BE54-9A1E7A4F7556}") = "Banking.Account.Command.Application", "Banking.Account.Command.Application\Banking.Account.Command.Application.csproj", "{16F99C12-87C6-46EF-8F07-0D07B68B2D7A}"
EndProject
Project("{9A19103F-16F7-4668-BE54-9A1E7A4F7556}") = "Banking.Account.Command.Infrastructure", "Banking.Account.Command.Infrastructure\Banking.Account.Command.Infrastructure.csproj", "{9E9C27C3-D4B0-4BB6-9A76-6D5BE6C43128}"
EndProject
Project("{9A19103F-16F7-4668-BE54-9A1E7A4F7556}") = "Banking.Account.Command.Api", "Banking.Account.Command.Api\Banking.Account.Command.Api.csproj", "{AA8A05FC-779C-48AA-906A-4C12167185DF}"
EndProject
Project("{2150E333-8FDC-42A3-9474-1A3956D46DE8}") = "Api", "Api", "{6AC15334-00E3-465C-89AF-93DB5EBF5528}"
EndProject
Project("{2150E333-8FDC-42A3-9474-1A3956D46DE8}") = "Application", "Application", "{93547F2B-E8C2-4664-B195-F8C578177EDB}"
EndProject
Project("{2150E333-8FDC-42A3-9474-1A3956D46DE8}") = "Domain", "Domain", "{1B7657C6-6390-4AF3-B122-FC22E8C9BF3B}"
EndProject
Project("{2150E333-8FDC-42A3-9474-1A3956D46DE8}") = "Infrastructure", "Infrastructure", "{75AE7949-724E-494D-9D6C-C473224EA8E4}"
EndProject
Project("{2150E333-8FDC-42A3-9474-1A3956D46DE8}") = "Consumer", "Consumer", "{73918BCD-F3E9-4733-B81F-E29BC96458D0}"
EndProject
Project("{9A19103F-16F7-4668-BE54-9A1E7A4F7556}") = "Banking.Account.Query.Domain", "Banking.Account.Query.Domain\Banking.Account.Query.Domain.csproj", "{DE6D570F-B1FB-4273-84D1-C42868958530}"
EndProject
Project("{9A19103F-16F7-4668-BE54-9A1E7A4F7556}") = "Banking.Account.Query.Application", "Banking.Account.Query.Application\Banking.Account.Query.Application.csproj", "{27E4CFC3-412F-4194-B580-F284455B5E0A}"
EndProject
Project("{FAE04EC0-301F-11D3-BF4B-00C04F79EFBC}") = "Banking.Account.Query.Infrastructure", "Banking.Account.Query.Infrastructure\Banking.Account.Query.Infrastructure.csproj", "{DCD7E756-CEFE-4A34-9692-D258C4D6E54A}"
EndProject
Project("{FAE04EC0-301F-11D3-BF4B-00C04F79EFBC}") = "Banking.Account.Query.Api", "Banking.Account.Query.Api\Banking.Account.Query.Api.csproj", "{2346FE14-9613-4DE7-9469-CA279EB4616A}"
EndProject
Project("{FAE04EC0-301F-11D3-BF4B-00C04F79EFBC}") = "Banking.Account.Query.Consumer", "Banking.Account.Query.Consumer\Banking.Account.Query.Consumer.csproj", "{E8230C44-4E28-493B-8D2A-D62D92EACB57}"
EndProject
Global
	GlobalSection(SolutionConfigurationPlatforms) = preSolution
		Debug|Any CPU = Debug|Any CPU
		Release|Any CPU = Release|Any CPU
	EndGlobalSection
	GlobalSection(ProjectConfigurationPlatforms) = postSolution
		{33C1A29E-4928-4B7E-B9E1-BC512AF325DB}.Debug|Any CPU.ActiveCfg = Debug|Any CPU
		{33C1A29E-4928-4B7E-B9E1-BC512AF325DB}.Debug|Any CPU.Build.0 = Debug|Any CPU
		{33C1A29E-4928-4B7E-B9E1-BC512AF325DB}.Release|Any CPU.ActiveCfg = Release|Any CPU
		{33C1A29E-4928-4B7E-B9E1-BC512AF325DB}.Release|Any CPU.Build.0 = Release|Any CPU
		{6E4AF3DE-0EF4-4440-9BC1-6E763183B0D8}.Debug|Any CPU.ActiveCfg = Debug|Any CPU
		{6E4AF3DE-0EF4-4440-9BC1-6E763183B0D8}.Debug|Any CPU.Build.0 = Debug|Any CPU
		{6E4AF3DE-0EF4-4440-9BC1-6E763183B0D8}.Release|Any CPU.ActiveCfg = Release|Any CPU
		{6E4AF3DE-0EF4-4440-9BC1-6E763183B0D8}.Release|Any CPU.Build.0 = Release|Any CPU
		{16F99C12-87C6-46EF-8F07-0D07B68B2D7A}.Debug|Any CPU.ActiveCfg = Debug|Any CPU
		{16F99C12-87C6-46EF-8F07-0D07B68B2D7A}.Debug|Any CPU.Build.0 = Debug|Any CPU
		{16F99C12-87C6-46EF-8F07-0D07B68B2D7A}.Release|Any CPU.ActiveCfg = Release|Any CPU
		{16F99C12-87C6-46EF-8F07-0D07B68B2D7A}.Release|Any CPU.Build.0 = Release|Any CPU
		{9E9C27C3-D4B0-4BB6-9A76-6D5BE6C43128}.Debug|Any CPU.ActiveCfg = Debug|Any CPU
		{9E9C27C3-D4B0-4BB6-9A76-6D5BE6C43128}.Debug|Any CPU.Build.0 = Debug|Any CPU
		{9E9C27C3-D4B0-4BB6-9A76-6D5BE6C43128}.Release|Any CPU.ActiveCfg = Release|Any CPU
		{9E9C27C3-D4B0-4BB6-9A76-6D5BE6C43128}.Release|Any CPU.Build.0 = Release|Any CPU
		{AA8A05FC-779C-48AA-906A-4C12167185DF}.Debug|Any CPU.ActiveCfg = Debug|Any CPU
		{AA8A05FC-779C-48AA-906A-4C12167185DF}.Debug|Any CPU.Build.0 = Debug|Any CPU
		{AA8A05FC-779C-48AA-906A-4C12167185DF}.Release|Any CPU.ActiveCfg = Release|Any CPU
		{AA8A05FC-779C-48AA-906A-4C12167185DF}.Release|Any CPU.Build.0 = Release|Any CPU
		{DE6D570F-B1FB-4273-84D1-C42868958530}.Debug|Any CPU.ActiveCfg = Debug|Any CPU
		{DE6D570F-B1FB-4273-84D1-C42868958530}.Debug|Any CPU.Build.0 = Debug|Any CPU
		{DE6D570F-B1FB-4273-84D1-C42868958530}.Release|Any CPU.ActiveCfg = Release|Any CPU
		{DE6D570F-B1FB-4273-84D1-C42868958530}.Release|Any CPU.Build.0 = Release|Any CPU
		{27E4CFC3-412F-4194-B580-F284455B5E0A}.Debug|Any CPU.ActiveCfg = Debug|Any CPU
		{27E4CFC3-412F-4194-B580-F284455B5E0A}.Debug|Any CPU.Build.0 = Debug|Any CPU
		{27E4CFC3-412F-4194-B580-F284455B5E0A}.Release|Any CPU.ActiveCfg = Release|Any CPU
		{27E4CFC3-412F-4194-B580-F284455B5E0A}.Release|Any CPU.Build.0 = Release|Any CPU
		{DCD7E756-CEFE-4A34-9692-D258C4D6E54A}.Debug|Any CPU.ActiveCfg = Debug|Any CPU
		{DCD7E756-CEFE-4A34-9692-D258C4D6E54A}.Debug|Any CPU.Build.0 = Debug|Any CPU
		{DCD7E756-CEFE-4A34-9692-D258C4D6E54A}.Release|Any CPU.ActiveCfg = Release|Any CPU
		{DCD7E756-CEFE-4A34-9692-D258C4D6E54A}.Release|Any CPU.Build.0 = Release|Any CPU
		{2346FE14-9613-4DE7-9469-CA279EB4616A}.Debug|Any CPU.ActiveCfg = Debug|Any CPU
		{2346FE14-9613-4DE7-9469-CA279EB4616A}.Debug|Any CPU.Build.0 = Debug|Any CPU
		{2346FE14-9613-4DE7-9469-CA279EB4616A}.Release|Any CPU.ActiveCfg = Release|Any CPU
		{2346FE14-9613-4DE7-9469-CA279EB4616A}.Release|Any CPU.Build.0 = Release|Any CPU
		{E8230C44-4E28-493B-8D2A-D62D92EACB57}.Debug|Any CPU.ActiveCfg = Debug|Any CPU
		{E8230C44-4E28-493B-8D2A-D62D92EACB57}.Debug|Any CPU.Build.0 = Debug|Any CPU
		{E8230C44-4E28-493B-8D2A-D62D92EACB57}.Release|Any CPU.ActiveCfg = Release|Any CPU
		{E8230C44-4E28-493B-8D2A-D62D92EACB57}.Release|Any CPU.Build.0 = Release|Any CPU
	EndGlobalSection
	GlobalSection(SolutionProperties) = preSolution
		HideSolutionNode = FALSE
	EndGlobalSection
	GlobalSection(NestedProjects) = preSolution
		{C172B6C1-E95E-46DF-A367-521B93CB3925} = {2E8FA8E0-F299-4EEF-9259-055B277B4CEB}
		{2950BC50-D9EB-4C6E-8770-9C1958DD11C4} = {C172B6C1-E95E-46DF-A367-521B93CB3925}
		{731003F9-8A8F-4321-BC8A-BEEABBAACD54} = {C172B6C1-E95E-46DF-A367-521B93CB3925}
		{33C1A29E-4928-4B7E-B9E1-BC512AF325DB} = {23933C51-4BAB-434A-AAA2-B24226886FE2}
		{F6F42DCD-6EDE-49EC-AF97-B1BE50801A27} = {2950BC50-D9EB-4C6E-8770-9C1958DD11C4}
		{1D7C8831-7C3B-44FB-8AFB-C2EBEF35731F} = {2950BC50-D9EB-4C6E-8770-9C1958DD11C4}
		{287E4D77-512F-4E98-8921-07914965806F} = {2950BC50-D9EB-4C6E-8770-9C1958DD11C4}
		{DBC7E2E5-76ED-4886-AA3D-D9DBA0BF5A7A} = {2950BC50-D9EB-4C6E-8770-9C1958DD11C4}
		{6E4AF3DE-0EF4-4440-9BC1-6E763183B0D8} = {287E4D77-512F-4E98-8921-07914965806F}
		{16F99C12-87C6-46EF-8F07-0D07B68B2D7A} = {1D7C8831-7C3B-44FB-8AFB-C2EBEF35731F}
		{9E9C27C3-D4B0-4BB6-9A76-6D5BE6C43128} = {DBC7E2E5-76ED-4886-AA3D-D9DBA0BF5A7A}
		{AA8A05FC-779C-48AA-906A-4C12167185DF} = {F6F42DCD-6EDE-49EC-AF97-B1BE50801A27}
		{6AC15334-00E3-465C-89AF-93DB5EBF5528} = {731003F9-8A8F-4321-BC8A-BEEABBAACD54}
		{93547F2B-E8C2-4664-B195-F8C578177EDB} = {731003F9-8A8F-4321-BC8A-BEEABBAACD54}
		{1B7657C6-6390-4AF3-B122-FC22E8C9BF3B} = {731003F9-8A8F-4321-BC8A-BEEABBAACD54}
		{75AE7949-724E-494D-9D6C-C473224EA8E4} = {731003F9-8A8F-4321-BC8A-BEEABBAACD54}
		{73918BCD-F3E9-4733-B81F-E29BC96458D0} = {731003F9-8A8F-4321-BC8A-BEEABBAACD54}
		{DE6D570F-B1FB-4273-84D1-C42868958530} = {1B7657C6-6390-4AF3-B122-FC22E8C9BF3B}
		{27E4CFC3-412F-4194-B580-F284455B5E0A} = {93547F2B-E8C2-4664-B195-F8C578177EDB}
		{DCD7E756-CEFE-4A34-9692-D258C4D6E54A} = {75AE7949-724E-494D-9D6C-C473224EA8E4}
		{2346FE14-9613-4DE7-9469-CA279EB4616A} = {6AC15334-00E3-465C-89AF-93DB5EBF5528}
		{E8230C44-4E28-493B-8D2A-D62D92EACB57} = {73918BCD-F3E9-4733-B81F-E29BC96458D0}
	EndGlobalSection
	GlobalSection(ExtensibilityGlobals) = postSolution
		SolutionGuid = {15533987-81BF-43E2-B329-0F394E9C5CD5}
	EndGlobalSection
EndGlobal
